
Microsoft Visual Studio Solution File, Format Version 12.00
# Visual Studio 15
VisualStudioVersion = 15.0.27130.2036
MinimumVisualStudioVersion = 10.0.40219.1
Project("{9A19103F-16F7-4668-BE54-9A1E7A4F7556}") = "ApiServer", "ApiServer\ApiServer.csproj", "{554F9FA8-280B-42AA-9A37-9998CD82F9F3}"
EndProject
Project("{9A19103F-16F7-4668-BE54-9A1E7A4F7556}") = "ApiModel", "ApiModel\ApiModel.csproj", "{83D1859C-7BE9-4529-95D2-3121FF04A896}"
EndProject
Project("{9A19103F-16F7-4668-BE54-9A1E7A4F7556}") = "ApiServer.Tests", "ApiServer.Tests\ApiServer.Tests.csproj", "{36AF12C4-4EB5-4623-82B8-9E423D7097EE}"
EndProject
Project("{9A19103F-16F7-4668-BE54-9A1E7A4F7556}") = "BambooCore", "BambooCore\BambooCore.csproj", "{09617D08-EA07-4924-904D-A9EEE788A37F}"
EndProject
Project("{FAE04EC0-301F-11D3-BF4B-00C04F79EFBC}") = "BambooCommon", "BambooCommon\BambooCommon.csproj", "{D684E136-3F0B-4F90-8BFA-F6D76BDAA41E}"
EndProject
Global
	GlobalSection(SolutionConfigurationPlatforms) = preSolution
		Debug|Any CPU = Debug|Any CPU
		Release|Any CPU = Release|Any CPU
	EndGlobalSection
	GlobalSection(ProjectConfigurationPlatforms) = postSolution
		{554F9FA8-280B-42AA-9A37-9998CD82F9F3}.Debug|Any CPU.ActiveCfg = Debug|Any CPU
		{554F9FA8-280B-42AA-9A37-9998CD82F9F3}.Debug|Any CPU.Build.0 = Debug|Any CPU
		{554F9FA8-280B-42AA-9A37-9998CD82F9F3}.Release|Any CPU.ActiveCfg = Release|Any CPU
		{554F9FA8-280B-42AA-9A37-9998CD82F9F3}.Release|Any CPU.Build.0 = Release|Any CPU
		{83D1859C-7BE9-4529-95D2-3121FF04A896}.Debug|Any CPU.ActiveCfg = Debug|Any CPU
		{83D1859C-7BE9-4529-95D2-3121FF04A896}.Debug|Any CPU.Build.0 = Debug|Any CPU
		{83D1859C-7BE9-4529-95D2-3121FF04A896}.Release|Any CPU.ActiveCfg = Release|Any CPU
		{83D1859C-7BE9-4529-95D2-3121FF04A896}.Release|Any CPU.Build.0 = Release|Any CPU
		{36AF12C4-4EB5-4623-82B8-9E423D7097EE}.Debug|Any CPU.ActiveCfg = Debug|Any CPU
		{36AF12C4-4EB5-4623-82B8-9E423D7097EE}.Debug|Any CPU.Build.0 = Debug|Any CPU
		{36AF12C4-4EB5-4623-82B8-9E423D7097EE}.Release|Any CPU.ActiveCfg = Release|Any CPU
		{36AF12C4-4EB5-4623-82B8-9E423D7097EE}.Release|Any CPU.Build.0 = Release|Any CPU
		{09617D08-EA07-4924-904D-A9EEE788A37F}.Debug|Any CPU.ActiveCfg = Debug|Any CPU
		{09617D08-EA07-4924-904D-A9EEE788A37F}.Debug|Any CPU.Build.0 = Debug|Any CPU
		{09617D08-EA07-4924-904D-A9EEE788A37F}.Release|Any CPU.ActiveCfg = Release|Any CPU
		{09617D08-EA07-4924-904D-A9EEE788A37F}.Release|Any CPU.Build.0 = Release|Any CPU
		{D684E136-3F0B-4F90-8BFA-F6D76BDAA41E}.Debug|Any CPU.ActiveCfg = Debug|Any CPU
		{D684E136-3F0B-4F90-8BFA-F6D76BDAA41E}.Debug|Any CPU.Build.0 = Debug|Any CPU
		{D684E136-3F0B-4F90-8BFA-F6D76BDAA41E}.Release|Any CPU.ActiveCfg = Release|Any CPU
		{D684E136-3F0B-4F90-8BFA-F6D76BDAA41E}.Release|Any CPU.Build.0 = Release|Any CPU
	EndGlobalSection
	GlobalSection(SolutionProperties) = preSolution
		HideSolutionNode = FALSE
	EndGlobalSection
	GlobalSection(ExtensibilityGlobals) = postSolution
		SolutionGuid = {4A7C9C5D-246F-4437-BA0F-E239E0D792F3}
	EndGlobalSection
EndGlobal
